// !$*UTF8*$!
{
	archiveVersion = 1;
	classes = {
	};
	objectVersion = 46;
	objects = {

/* Begin PBXBuildFile section */
		B714C50C1C6633D5006AA5A7 /* AppDelegate.swift in Sources */ = {isa = PBXBuildFile; fileRef = B714C50B1C6633D5006AA5A7 /* AppDelegate.swift */; };
		B714C50E1C6633D5006AA5A7 /* ViewController.swift in Sources */ = {isa = PBXBuildFile; fileRef = B714C50D1C6633D5006AA5A7 /* ViewController.swift */; };
		B714C5111C6633D5006AA5A7 /* Main.storyboard in Resources */ = {isa = PBXBuildFile; fileRef = B714C50F1C6633D5006AA5A7 /* Main.storyboard */; };
		B714C5131C6633D5006AA5A7 /* Assets.xcassets in Resources */ = {isa = PBXBuildFile; fileRef = B714C5121C6633D5006AA5A7 /* Assets.xcassets */; };
		B714C5161C6633D5006AA5A7 /* LaunchScreen.storyboard in Resources */ = {isa = PBXBuildFile; fileRef = B714C5141C6633D5006AA5A7 /* LaunchScreen.storyboard */; };
		B714C5211C6633D5006AA5A7 /* iPhone_ClientTests.swift in Sources */ = {isa = PBXBuildFile; fileRef = B714C5201C6633D5006AA5A7 /* iPhone_ClientTests.swift */; };
		B714C52C1C6633D6006AA5A7 /* iPhone_ClientUITests.swift in Sources */ = {isa = PBXBuildFile; fileRef = B714C52B1C6633D6006AA5A7 /* iPhone_ClientUITests.swift */; };
		B714C53E1C66391A006AA5A7 /* libz.tbd in Frameworks */ = {isa = PBXBuildFile; fileRef = B714C53D1C66391A006AA5A7 /* libz.tbd */; };
		B714C5C31C663F31006AA5A7 /* GCDWebServer.m in Sources */ = {isa = PBXBuildFile; fileRef = B714C5A61C663F31006AA5A7 /* GCDWebServer.m */; };
		B714C5C41C663F31006AA5A7 /* GCDWebServerConnection.m in Sources */ = {isa = PBXBuildFile; fileRef = B714C5A81C663F31006AA5A7 /* GCDWebServerConnection.m */; };
		B714C5C51C663F31006AA5A7 /* GCDWebServerFunctions.m in Sources */ = {isa = PBXBuildFile; fileRef = B714C5AA1C663F31006AA5A7 /* GCDWebServerFunctions.m */; };
		B714C5C61C663F31006AA5A7 /* GCDWebServerRequest.m in Sources */ = {isa = PBXBuildFile; fileRef = B714C5AE1C663F31006AA5A7 /* GCDWebServerRequest.m */; };
		B714C5C71C663F31006AA5A7 /* GCDWebServerResponse.m in Sources */ = {isa = PBXBuildFile; fileRef = B714C5B01C663F31006AA5A7 /* GCDWebServerResponse.m */; };
		B714C5C81C663F31006AA5A7 /* GCDWebServerDataRequest.m in Sources */ = {isa = PBXBuildFile; fileRef = B714C5B31C663F31006AA5A7 /* GCDWebServerDataRequest.m */; };
		B714C5C91C663F31006AA5A7 /* GCDWebServerFileRequest.m in Sources */ = {isa = PBXBuildFile; fileRef = B714C5B51C663F31006AA5A7 /* GCDWebServerFileRequest.m */; };
		B714C5CA1C663F31006AA5A7 /* GCDWebServerMultiPartFormRequest.m in Sources */ = {isa = PBXBuildFile; fileRef = B714C5B71C663F31006AA5A7 /* GCDWebServerMultiPartFormRequest.m */; };
		B714C5CB1C663F31006AA5A7 /* GCDWebServerURLEncodedFormRequest.m in Sources */ = {isa = PBXBuildFile; fileRef = B714C5B91C663F31006AA5A7 /* GCDWebServerURLEncodedFormRequest.m */; };
		B714C5CC1C663F31006AA5A7 /* GCDWebServerDataResponse.m in Sources */ = {isa = PBXBuildFile; fileRef = B714C5BC1C663F31006AA5A7 /* GCDWebServerDataResponse.m */; };
		B714C5CD1C663F31006AA5A7 /* GCDWebServerErrorResponse.m in Sources */ = {isa = PBXBuildFile; fileRef = B714C5BE1C663F31006AA5A7 /* GCDWebServerErrorResponse.m */; };
		B714C5CE1C663F31006AA5A7 /* GCDWebServerFileResponse.m in Sources */ = {isa = PBXBuildFile; fileRef = B714C5C01C663F31006AA5A7 /* GCDWebServerFileResponse.m */; };
		B714C5CF1C663F31006AA5A7 /* GCDWebServerStreamedResponse.m in Sources */ = {isa = PBXBuildFile; fileRef = B714C5C21C663F31006AA5A7 /* GCDWebServerStreamedResponse.m */; };
/* End PBXBuildFile section */

/* Begin PBXContainerItemProxy section */
		B714C51D1C6633D5006AA5A7 /* PBXContainerItemProxy */ = {
			isa = PBXContainerItemProxy;
			containerPortal = B714C5001C6633D5006AA5A7 /* Project object */;
			proxyType = 1;
			remoteGlobalIDString = B714C5071C6633D5006AA5A7;
			remoteInfo = "iPhone Client";
		};
		B714C5281C6633D6006AA5A7 /* PBXContainerItemProxy */ = {
			isa = PBXContainerItemProxy;
			containerPortal = B714C5001C6633D5006AA5A7 /* Project object */;
			proxyType = 1;
			remoteGlobalIDString = B714C5071C6633D5006AA5A7;
			remoteInfo = "iPhone Client";
		};
/* End PBXContainerItemProxy section */

/* Begin PBXFileReference section */
		B714C5081C6633D5006AA5A7 /* iPhone Client.app */ = {isa = PBXFileReference; explicitFileType = wrapper.application; includeInIndex = 0; path = "iPhone Client.app"; sourceTree = BUILT_PRODUCTS_DIR; };
		B714C50B1C6633D5006AA5A7 /* AppDelegate.swift */ = {isa = PBXFileReference; lastKnownFileType = sourcecode.swift; path = AppDelegate.swift; sourceTree = "<group>"; };
		B714C50D1C6633D5006AA5A7 /* ViewController.swift */ = {isa = PBXFileReference; lastKnownFileType = sourcecode.swift; path = ViewController.swift; sourceTree = "<group>"; };
		B714C5101C6633D5006AA5A7 /* Base */ = {isa = PBXFileReference; lastKnownFileType = file.storyboard; name = Base; path = Base.lproj/Main.storyboard; sourceTree = "<group>"; };
		B714C5121C6633D5006AA5A7 /* Assets.xcassets */ = {isa = PBXFileReference; lastKnownFileType = folder.assetcatalog; path = Assets.xcassets; sourceTree = "<group>"; };
		B714C5151C6633D5006AA5A7 /* Base */ = {isa = PBXFileReference; lastKnownFileType = file.storyboard; name = Base; path = Base.lproj/LaunchScreen.storyboard; sourceTree = "<group>"; };
		B714C5171C6633D5006AA5A7 /* Info.plist */ = {isa = PBXFileReference; lastKnownFileType = text.plist.xml; path = Info.plist; sourceTree = "<group>"; };
		B714C51C1C6633D5006AA5A7 /* iPhone ClientTests.xctest */ = {isa = PBXFileReference; explicitFileType = wrapper.cfbundle; includeInIndex = 0; path = "iPhone ClientTests.xctest"; sourceTree = BUILT_PRODUCTS_DIR; };
		B714C5201C6633D5006AA5A7 /* iPhone_ClientTests.swift */ = {isa = PBXFileReference; lastKnownFileType = sourcecode.swift; path = iPhone_ClientTests.swift; sourceTree = "<group>"; };
		B714C5221C6633D5006AA5A7 /* Info.plist */ = {isa = PBXFileReference; lastKnownFileType = text.plist.xml; path = Info.plist; sourceTree = "<group>"; };
		B714C5271C6633D6006AA5A7 /* iPhone ClientUITests.xctest */ = {isa = PBXFileReference; explicitFileType = wrapper.cfbundle; includeInIndex = 0; path = "iPhone ClientUITests.xctest"; sourceTree = BUILT_PRODUCTS_DIR; };
		B714C52B1C6633D6006AA5A7 /* iPhone_ClientUITests.swift */ = {isa = PBXFileReference; lastKnownFileType = sourcecode.swift; path = iPhone_ClientUITests.swift; sourceTree = "<group>"; };
		B714C52D1C6633D6006AA5A7 /* Info.plist */ = {isa = PBXFileReference; lastKnownFileType = text.plist.xml; path = Info.plist; sourceTree = "<group>"; };
		B714C53D1C66391A006AA5A7 /* libz.tbd */ = {isa = PBXFileReference; lastKnownFileType = "sourcecode.text-based-dylib-definition"; name = libz.tbd; path = usr/lib/libz.tbd; sourceTree = SDKROOT; };
		B714C5A51C663F31006AA5A7 /* GCDWebServer.h */ = {isa = PBXFileReference; fileEncoding = 4; lastKnownFileType = sourcecode.c.h; path = GCDWebServer.h; sourceTree = "<group>"; };
		B714C5A61C663F31006AA5A7 /* GCDWebServer.m */ = {isa = PBXFileReference; fileEncoding = 4; lastKnownFileType = sourcecode.c.objc; path = GCDWebServer.m; sourceTree = "<group>"; };
		B714C5A71C663F31006AA5A7 /* GCDWebServerConnection.h */ = {isa = PBXFileReference; fileEncoding = 4; lastKnownFileType = sourcecode.c.h; path = GCDWebServerConnection.h; sourceTree = "<group>"; };
		B714C5A81C663F31006AA5A7 /* GCDWebServerConnection.m */ = {isa = PBXFileReference; fileEncoding = 4; lastKnownFileType = sourcecode.c.objc; path = GCDWebServerConnection.m; sourceTree = "<group>"; };
		B714C5A91C663F31006AA5A7 /* GCDWebServerFunctions.h */ = {isa = PBXFileReference; fileEncoding = 4; lastKnownFileType = sourcecode.c.h; path = GCDWebServerFunctions.h; sourceTree = "<group>"; };
		B714C5AA1C663F31006AA5A7 /* GCDWebServerFunctions.m */ = {isa = PBXFileReference; fileEncoding = 4; lastKnownFileType = sourcecode.c.objc; path = GCDWebServerFunctions.m; sourceTree = "<group>"; };
		B714C5AB1C663F31006AA5A7 /* GCDWebServerHTTPStatusCodes.h */ = {isa = PBXFileReference; fileEncoding = 4; lastKnownFileType = sourcecode.c.h; path = GCDWebServerHTTPStatusCodes.h; sourceTree = "<group>"; };
		B714C5AC1C663F31006AA5A7 /* GCDWebServerPrivate.h */ = {isa = PBXFileReference; fileEncoding = 4; lastKnownFileType = sourcecode.c.h; path = GCDWebServerPrivate.h; sourceTree = "<group>"; };
		B714C5AD1C663F31006AA5A7 /* GCDWebServerRequest.h */ = {isa = PBXFileReference; fileEncoding = 4; lastKnownFileType = sourcecode.c.h; path = GCDWebServerRequest.h; sourceTree = "<group>"; };
		B714C5AE1C663F31006AA5A7 /* GCDWebServerRequest.m */ = {isa = PBXFileReference; fileEncoding = 4; lastKnownFileType = sourcecode.c.objc; path = GCDWebServerRequest.m; sourceTree = "<group>"; };
		B714C5AF1C663F31006AA5A7 /* GCDWebServerResponse.h */ = {isa = PBXFileReference; fileEncoding = 4; lastKnownFileType = sourcecode.c.h; path = GCDWebServerResponse.h; sourceTree = "<group>"; };
		B714C5B01C663F31006AA5A7 /* GCDWebServerResponse.m */ = {isa = PBXFileReference; fileEncoding = 4; lastKnownFileType = sourcecode.c.objc; path = GCDWebServerResponse.m; sourceTree = "<group>"; };
		B714C5B21C663F31006AA5A7 /* GCDWebServerDataRequest.h */ = {isa = PBXFileReference; fileEncoding = 4; lastKnownFileType = sourcecode.c.h; path = GCDWebServerDataRequest.h; sourceTree = "<group>"; };
		B714C5B31C663F31006AA5A7 /* GCDWebServerDataRequest.m */ = {isa = PBXFileReference; fileEncoding = 4; lastKnownFileType = sourcecode.c.objc; path = GCDWebServerDataRequest.m; sourceTree = "<group>"; };
		B714C5B41C663F31006AA5A7 /* GCDWebServerFileRequest.h */ = {isa = PBXFileReference; fileEncoding = 4; lastKnownFileType = sourcecode.c.h; path = GCDWebServerFileRequest.h; sourceTree = "<group>"; };
		B714C5B51C663F31006AA5A7 /* GCDWebServerFileRequest.m */ = {isa = PBXFileReference; fileEncoding = 4; lastKnownFileType = sourcecode.c.objc; path = GCDWebServerFileRequest.m; sourceTree = "<group>"; };
		B714C5B61C663F31006AA5A7 /* GCDWebServerMultiPartFormRequest.h */ = {isa = PBXFileReference; fileEncoding = 4; lastKnownFileType = sourcecode.c.h; path = GCDWebServerMultiPartFormRequest.h; sourceTree = "<group>"; };
		B714C5B71C663F31006AA5A7 /* GCDWebServerMultiPartFormRequest.m */ = {isa = PBXFileReference; fileEncoding = 4; lastKnownFileType = sourcecode.c.objc; path = GCDWebServerMultiPartFormRequest.m; sourceTree = "<group>"; };
		B714C5B81C663F31006AA5A7 /* GCDWebServerURLEncodedFormRequest.h */ = {isa = PBXFileReference; fileEncoding = 4; lastKnownFileType = sourcecode.c.h; path = GCDWebServerURLEncodedFormRequest.h; sourceTree = "<group>"; };
		B714C5B91C663F31006AA5A7 /* GCDWebServerURLEncodedFormRequest.m */ = {isa = PBXFileReference; fileEncoding = 4; lastKnownFileType = sourcecode.c.objc; path = GCDWebServerURLEncodedFormRequest.m; sourceTree = "<group>"; };
		B714C5BB1C663F31006AA5A7 /* GCDWebServerDataResponse.h */ = {isa = PBXFileReference; fileEncoding = 4; lastKnownFileType = sourcecode.c.h; path = GCDWebServerDataResponse.h; sourceTree = "<group>"; };
		B714C5BC1C663F31006AA5A7 /* GCDWebServerDataResponse.m */ = {isa = PBXFileReference; fileEncoding = 4; lastKnownFileType = sourcecode.c.objc; path = GCDWebServerDataResponse.m; sourceTree = "<group>"; };
		B714C5BD1C663F31006AA5A7 /* GCDWebServerErrorResponse.h */ = {isa = PBXFileReference; fileEncoding = 4; lastKnownFileType = sourcecode.c.h; path = GCDWebServerErrorResponse.h; sourceTree = "<group>"; };
		B714C5BE1C663F31006AA5A7 /* GCDWebServerErrorResponse.m */ = {isa = PBXFileReference; fileEncoding = 4; lastKnownFileType = sourcecode.c.objc; path = GCDWebServerErrorResponse.m; sourceTree = "<group>"; };
		B714C5BF1C663F31006AA5A7 /* GCDWebServerFileResponse.h */ = {isa = PBXFileReference; fileEncoding = 4; lastKnownFileType = sourcecode.c.h; path = GCDWebServerFileResponse.h; sourceTree = "<group>"; };
		B714C5C01C663F31006AA5A7 /* GCDWebServerFileResponse.m */ = {isa = PBXFileReference; fileEncoding = 4; lastKnownFileType = sourcecode.c.objc; path = GCDWebServerFileResponse.m; sourceTree = "<group>"; };
		B714C5C11C663F31006AA5A7 /* GCDWebServerStreamedResponse.h */ = {isa = PBXFileReference; fileEncoding = 4; lastKnownFileType = sourcecode.c.h; path = GCDWebServerStreamedResponse.h; sourceTree = "<group>"; };
		B714C5C21C663F31006AA5A7 /* GCDWebServerStreamedResponse.m */ = {isa = PBXFileReference; fileEncoding = 4; lastKnownFileType = sourcecode.c.objc; path = GCDWebServerStreamedResponse.m; sourceTree = "<group>"; };
		B714C5D01C663F3B006AA5A7 /* iPhone-Client-Bridging-Header.h */ = {isa = PBXFileReference; fileEncoding = 4; lastKnownFileType = sourcecode.c.h; path = "iPhone-Client-Bridging-Header.h"; sourceTree = "<group>"; };
/* End PBXFileReference section */

/* Begin PBXFrameworksBuildPhase section */
		B714C5051C6633D5006AA5A7 /* Frameworks */ = {
			isa = PBXFrameworksBuildPhase;
			buildActionMask = 2147483647;
			files = (
				B714C53E1C66391A006AA5A7 /* libz.tbd in Frameworks */,
			);
			runOnlyForDeploymentPostprocessing = 0;
		};
		B714C5191C6633D5006AA5A7 /* Frameworks */ = {
			isa = PBXFrameworksBuildPhase;
			buildActionMask = 2147483647;
			files = (
			);
			runOnlyForDeploymentPostprocessing = 0;
		};
		B714C5241C6633D6006AA5A7 /* Frameworks */ = {
			isa = PBXFrameworksBuildPhase;
			buildActionMask = 2147483647;
			files = (
			);
			runOnlyForDeploymentPostprocessing = 0;
		};
/* End PBXFrameworksBuildPhase section */

/* Begin PBXGroup section */
		B714C4FF1C6633D5006AA5A7 = {
			isa = PBXGroup;
			children = (
				B714C5D01C663F3B006AA5A7 /* iPhone-Client-Bridging-Header.h */,
				B714C5A31C663F31006AA5A7 /* GCDWebServer */,
				B714C53D1C66391A006AA5A7 /* libz.tbd */,
				B714C50A1C6633D5006AA5A7 /* iPhone Client */,
				B714C51F1C6633D5006AA5A7 /* iPhone ClientTests */,
				B714C52A1C6633D6006AA5A7 /* iPhone ClientUITests */,
				B714C5091C6633D5006AA5A7 /* Products */,
			);
			sourceTree = "<group>";
		};
		B714C5091C6633D5006AA5A7 /* Products */ = {
			isa = PBXGroup;
			children = (
				B714C5081C6633D5006AA5A7 /* iPhone Client.app */,
				B714C51C1C6633D5006AA5A7 /* iPhone ClientTests.xctest */,
				B714C5271C6633D6006AA5A7 /* iPhone ClientUITests.xctest */,
			);
			name = Products;
			sourceTree = "<group>";
		};
		B714C50A1C6633D5006AA5A7 /* iPhone Client */ = {
			isa = PBXGroup;
			children = (
				B714C50B1C6633D5006AA5A7 /* AppDelegate.swift */,
				B714C50D1C6633D5006AA5A7 /* ViewController.swift */,
				B714C50F1C6633D5006AA5A7 /* Main.storyboard */,
				B714C5121C6633D5006AA5A7 /* Assets.xcassets */,
				B714C5141C6633D5006AA5A7 /* LaunchScreen.storyboard */,
				B714C5171C6633D5006AA5A7 /* Info.plist */,
			);
			path = "iPhone Client";
			sourceTree = "<group>";
		};
		B714C51F1C6633D5006AA5A7 /* iPhone ClientTests */ = {
			isa = PBXGroup;
			children = (
				B714C5201C6633D5006AA5A7 /* iPhone_ClientTests.swift */,
				B714C5221C6633D5006AA5A7 /* Info.plist */,
			);
			path = "iPhone ClientTests";
			sourceTree = "<group>";
		};
		B714C52A1C6633D6006AA5A7 /* iPhone ClientUITests */ = {
			isa = PBXGroup;
			children = (
				B714C52B1C6633D6006AA5A7 /* iPhone_ClientUITests.swift */,
				B714C52D1C6633D6006AA5A7 /* Info.plist */,
			);
			path = "iPhone ClientUITests";
			sourceTree = "<group>";
		};
		B714C5A31C663F31006AA5A7 /* GCDWebServer */ = {
			isa = PBXGroup;
			children = (
				B714C5A41C663F31006AA5A7 /* Core */,
				B714C5B11C663F31006AA5A7 /* Requests */,
				B714C5BA1C663F31006AA5A7 /* Responses */,
			);
			path = GCDWebServer;
			sourceTree = "<group>";
		};
		B714C5A41C663F31006AA5A7 /* Core */ = {
			isa = PBXGroup;
			children = (
				B714C5A51C663F31006AA5A7 /* GCDWebServer.h */,
				B714C5A61C663F31006AA5A7 /* GCDWebServer.m */,
				B714C5A71C663F31006AA5A7 /* GCDWebServerConnection.h */,
				B714C5A81C663F31006AA5A7 /* GCDWebServerConnection.m */,
				B714C5A91C663F31006AA5A7 /* GCDWebServerFunctions.h */,
				B714C5AA1C663F31006AA5A7 /* GCDWebServerFunctions.m */,
				B714C5AB1C663F31006AA5A7 /* GCDWebServerHTTPStatusCodes.h */,
				B714C5AC1C663F31006AA5A7 /* GCDWebServerPrivate.h */,
				B714C5AD1C663F31006AA5A7 /* GCDWebServerRequest.h */,
				B714C5AE1C663F31006AA5A7 /* GCDWebServerRequest.m */,
				B714C5AF1C663F31006AA5A7 /* GCDWebServerResponse.h */,
				B714C5B01C663F31006AA5A7 /* GCDWebServerResponse.m */,
			);
			path = Core;
			sourceTree = "<group>";
		};
		B714C5B11C663F31006AA5A7 /* Requests */ = {
			isa = PBXGroup;
			children = (
				B714C5B21C663F31006AA5A7 /* GCDWebServerDataRequest.h */,
				B714C5B31C663F31006AA5A7 /* GCDWebServerDataRequest.m */,
				B714C5B41C663F31006AA5A7 /* GCDWebServerFileRequest.h */,
				B714C5B51C663F31006AA5A7 /* GCDWebServerFileRequest.m */,
				B714C5B61C663F31006AA5A7 /* GCDWebServerMultiPartFormRequest.h */,
				B714C5B71C663F31006AA5A7 /* GCDWebServerMultiPartFormRequest.m */,
				B714C5B81C663F31006AA5A7 /* GCDWebServerURLEncodedFormRequest.h */,
				B714C5B91C663F31006AA5A7 /* GCDWebServerURLEncodedFormRequest.m */,
			);
			path = Requests;
			sourceTree = "<group>";
		};
		B714C5BA1C663F31006AA5A7 /* Responses */ = {
			isa = PBXGroup;
			children = (
				B714C5BB1C663F31006AA5A7 /* GCDWebServerDataResponse.h */,
				B714C5BC1C663F31006AA5A7 /* GCDWebServerDataResponse.m */,
				B714C5BD1C663F31006AA5A7 /* GCDWebServerErrorResponse.h */,
				B714C5BE1C663F31006AA5A7 /* GCDWebServerErrorResponse.m */,
				B714C5BF1C663F31006AA5A7 /* GCDWebServerFileResponse.h */,
				B714C5C01C663F31006AA5A7 /* GCDWebServerFileResponse.m */,
				B714C5C11C663F31006AA5A7 /* GCDWebServerStreamedResponse.h */,
				B714C5C21C663F31006AA5A7 /* GCDWebServerStreamedResponse.m */,
			);
			path = Responses;
			sourceTree = "<group>";
		};
/* End PBXGroup section */

/* Begin PBXNativeTarget section */
		B714C5071C6633D5006AA5A7 /* iPhone Client */ = {
			isa = PBXNativeTarget;
			buildConfigurationList = B714C5301C6633D6006AA5A7 /* Build configuration list for PBXNativeTarget "iPhone Client" */;
			buildPhases = (
				B714C5041C6633D5006AA5A7 /* Sources */,
				B714C5051C6633D5006AA5A7 /* Frameworks */,
				B714C5061C6633D5006AA5A7 /* Resources */,
			);
			buildRules = (
			);
			dependencies = (
			);
			name = "iPhone Client";
			productName = "iPhone Client";
			productReference = B714C5081C6633D5006AA5A7 /* iPhone Client.app */;
			productType = "com.apple.product-type.application";
		};
		B714C51B1C6633D5006AA5A7 /* iPhone ClientTests */ = {
			isa = PBXNativeTarget;
			buildConfigurationList = B714C5331C6633D6006AA5A7 /* Build configuration list for PBXNativeTarget "iPhone ClientTests" */;
			buildPhases = (
				B714C5181C6633D5006AA5A7 /* Sources */,
				B714C5191C6633D5006AA5A7 /* Frameworks */,
				B714C51A1C6633D5006AA5A7 /* Resources */,
			);
			buildRules = (
			);
			dependencies = (
				B714C51E1C6633D5006AA5A7 /* PBXTargetDependency */,
			);
			name = "iPhone ClientTests";
			productName = "iPhone ClientTests";
			productReference = B714C51C1C6633D5006AA5A7 /* iPhone ClientTests.xctest */;
			productType = "com.apple.product-type.bundle.unit-test";
		};
		B714C5261C6633D6006AA5A7 /* iPhone ClientUITests */ = {
			isa = PBXNativeTarget;
			buildConfigurationList = B714C5361C6633D6006AA5A7 /* Build configuration list for PBXNativeTarget "iPhone ClientUITests" */;
			buildPhases = (
				B714C5231C6633D6006AA5A7 /* Sources */,
				B714C5241C6633D6006AA5A7 /* Frameworks */,
				B714C5251C6633D6006AA5A7 /* Resources */,
			);
			buildRules = (
			);
			dependencies = (
				B714C5291C6633D6006AA5A7 /* PBXTargetDependency */,
			);
			name = "iPhone ClientUITests";
			productName = "iPhone ClientUITests";
			productReference = B714C5271C6633D6006AA5A7 /* iPhone ClientUITests.xctest */;
			productType = "com.apple.product-type.bundle.ui-testing";
		};
/* End PBXNativeTarget section */

/* Begin PBXProject section */
		B714C5001C6633D5006AA5A7 /* Project object */ = {
			isa = PBXProject;
			attributes = {
				LastSwiftUpdateCheck = 0710;
				LastUpgradeCheck = 0710;
				ORGANIZATIONNAME = "Sarv AI";
				TargetAttributes = {
					B714C5071C6633D5006AA5A7 = {
						CreatedOnToolsVersion = 7.1.1;
					};
					B714C51B1C6633D5006AA5A7 = {
						CreatedOnToolsVersion = 7.1.1;
						TestTargetID = B714C5071C6633D5006AA5A7;
					};
					B714C5261C6633D6006AA5A7 = {
						CreatedOnToolsVersion = 7.1.1;
						TestTargetID = B714C5071C6633D5006AA5A7;
					};
				};
			};
			buildConfigurationList = B714C5031C6633D5006AA5A7 /* Build configuration list for PBXProject "iPhone Client" */;
			compatibilityVersion = "Xcode 3.2";
			developmentRegion = English;
			hasScannedForEncodings = 0;
			knownRegions = (
				en,
				Base,
			);
			mainGroup = B714C4FF1C6633D5006AA5A7;
			productRefGroup = B714C5091C6633D5006AA5A7 /* Products */;
			projectDirPath = "";
			projectRoot = "";
			targets = (
				B714C5071C6633D5006AA5A7 /* iPhone Client */,
				B714C51B1C6633D5006AA5A7 /* iPhone ClientTests */,
				B714C5261C6633D6006AA5A7 /* iPhone ClientUITests */,
			);
		};
/* End PBXProject section */

/* Begin PBXResourcesBuildPhase section */
		B714C5061C6633D5006AA5A7 /* Resources */ = {
			isa = PBXResourcesBuildPhase;
			buildActionMask = 2147483647;
			files = (
				B714C5161C6633D5006AA5A7 /* LaunchScreen.storyboard in Resources */,
				B714C5131C6633D5006AA5A7 /* Assets.xcassets in Resources */,
				B714C5111C6633D5006AA5A7 /* Main.storyboard in Resources */,
			);
			runOnlyForDeploymentPostprocessing = 0;
		};
		B714C51A1C6633D5006AA5A7 /* Resources */ = {
			isa = PBXResourcesBuildPhase;
			buildActionMask = 2147483647;
			files = (
			);
			runOnlyForDeploymentPostprocessing = 0;
		};
		B714C5251C6633D6006AA5A7 /* Resources */ = {
			isa = PBXResourcesBuildPhase;
			buildActionMask = 2147483647;
			files = (
			);
			runOnlyForDeploymentPostprocessing = 0;
		};
/* End PBXResourcesBuildPhase section */

/* Begin PBXSourcesBuildPhase section */
		B714C5041C6633D5006AA5A7 /* Sources */ = {
			isa = PBXSourcesBuildPhase;
			buildActionMask = 2147483647;
			files = (
				B714C50E1C6633D5006AA5A7 /* ViewController.swift in Sources */,
				B714C5C51C663F31006AA5A7 /* GCDWebServerFunctions.m in Sources */,
				B714C5C81C663F31006AA5A7 /* GCDWebServerDataRequest.m in Sources */,
				B714C5CF1C663F31006AA5A7 /* GCDWebServerStreamedResponse.m in Sources */,
				B714C5CE1C663F31006AA5A7 /* GCDWebServerFileResponse.m in Sources */,
				B714C50C1C6633D5006AA5A7 /* AppDelegate.swift in Sources */,
				B714C5CB1C663F31006AA5A7 /* GCDWebServerURLEncodedFormRequest.m in Sources */,
				B714C5C41C663F31006AA5A7 /* GCDWebServerConnection.m in Sources */,
				B714C5C91C663F31006AA5A7 /* GCDWebServerFileRequest.m in Sources */,
				B714C5C71C663F31006AA5A7 /* GCDWebServerResponse.m in Sources */,
				B714C5C61C663F31006AA5A7 /* GCDWebServerRequest.m in Sources */,
				B714C5CD1C663F31006AA5A7 /* GCDWebServerErrorResponse.m in Sources */,
				B714C5CC1C663F31006AA5A7 /* GCDWebServerDataResponse.m in Sources */,
				B714C5C31C663F31006AA5A7 /* GCDWebServer.m in Sources */,
				B714C5CA1C663F31006AA5A7 /* GCDWebServerMultiPartFormRequest.m in Sources */,
			);
			runOnlyForDeploymentPostprocessing = 0;
		};
		B714C5181C6633D5006AA5A7 /* Sources */ = {
			isa = PBXSourcesBuildPhase;
			buildActionMask = 2147483647;
			files = (
				B714C5211C6633D5006AA5A7 /* iPhone_ClientTests.swift in Sources */,
			);
			runOnlyForDeploymentPostprocessing = 0;
		};
		B714C5231C6633D6006AA5A7 /* Sources */ = {
			isa = PBXSourcesBuildPhase;
			buildActionMask = 2147483647;
			files = (
				B714C52C1C6633D6006AA5A7 /* iPhone_ClientUITests.swift in Sources */,
			);
			runOnlyForDeploymentPostprocessing = 0;
		};
/* End PBXSourcesBuildPhase section */

/* Begin PBXTargetDependency section */
		B714C51E1C6633D5006AA5A7 /* PBXTargetDependency */ = {
			isa = PBXTargetDependency;
			target = B714C5071C6633D5006AA5A7 /* iPhone Client */;
			targetProxy = B714C51D1C6633D5006AA5A7 /* PBXContainerItemProxy */;
		};
		B714C5291C6633D6006AA5A7 /* PBXTargetDependency */ = {
			isa = PBXTargetDependency;
			target = B714C5071C6633D5006AA5A7 /* iPhone Client */;
			targetProxy = B714C5281C6633D6006AA5A7 /* PBXContainerItemProxy */;
		};
/* End PBXTargetDependency section */

/* Begin PBXVariantGroup section */
		B714C50F1C6633D5006AA5A7 /* Main.storyboard */ = {
			isa = PBXVariantGroup;
			children = (
				B714C5101C6633D5006AA5A7 /* Base */,
			);
			name = Main.storyboard;
			sourceTree = "<group>";
		};
		B714C5141C6633D5006AA5A7 /* LaunchScreen.storyboard */ = {
			isa = PBXVariantGroup;
			children = (
				B714C5151C6633D5006AA5A7 /* Base */,
			);
			name = LaunchScreen.storyboard;
			sourceTree = "<group>";
		};
/* End PBXVariantGroup section */

/* Begin XCBuildConfiguration section */
		B714C52E1C6633D6006AA5A7 /* Debug */ = {
			isa = XCBuildConfiguration;
			buildSettings = {
				ALWAYS_SEARCH_USER_PATHS = NO;
				CLANG_CXX_LANGUAGE_STANDARD = "gnu++0x";
				CLANG_CXX_LIBRARY = "libc++";
				CLANG_ENABLE_MODULES = YES;
				CLANG_ENABLE_OBJC_ARC = YES;
				CLANG_WARN_BOOL_CONVERSION = YES;
				CLANG_WARN_CONSTANT_CONVERSION = YES;
				CLANG_WARN_DIRECT_OBJC_ISA_USAGE = YES_ERROR;
				CLANG_WARN_EMPTY_BODY = YES;
				CLANG_WARN_ENUM_CONVERSION = YES;
				CLANG_WARN_INT_CONVERSION = YES;
				CLANG_WARN_OBJC_ROOT_CLASS = YES_ERROR;
				CLANG_WARN_UNREACHABLE_CODE = YES;
				CLANG_WARN__DUPLICATE_METHOD_MATCH = YES;
				"CODE_SIGN_IDENTITY[sdk=iphoneos*]" = "iPhone Developer";
				COPY_PHASE_STRIP = NO;
				DEBUG_INFORMATION_FORMAT = dwarf;
				ENABLE_STRICT_OBJC_MSGSEND = YES;
				ENABLE_TESTABILITY = YES;
				GCC_C_LANGUAGE_STANDARD = gnu99;
				GCC_DYNAMIC_NO_PIC = NO;
				GCC_NO_COMMON_BLOCKS = YES;
				GCC_OPTIMIZATION_LEVEL = 0;
				GCC_PREPROCESSOR_DEFINITIONS = (
					"DEBUG=1",
					"$(inherited)",
				);
				GCC_WARN_64_TO_32_BIT_CONVERSION = YES;
				GCC_WARN_ABOUT_RETURN_TYPE = YES_ERROR;
				GCC_WARN_UNDECLARED_SELECTOR = YES;
				GCC_WARN_UNINITIALIZED_AUTOS = YES_AGGRESSIVE;
				GCC_WARN_UNUSED_FUNCTION = YES;
				GCC_WARN_UNUSED_VARIABLE = YES;
				IPHONEOS_DEPLOYMENT_TARGET = 9.1;
				MTL_ENABLE_DEBUG_INFO = YES;
				ONLY_ACTIVE_ARCH = YES;
				SDKROOT = iphoneos;
				SWIFT_OPTIMIZATION_LEVEL = "-Onone";
				TARGETED_DEVICE_FAMILY = "1,2";
			};
			name = Debug;
		};
		B714C52F1C6633D6006AA5A7 /* Release */ = {
			isa = XCBuildConfiguration;
			buildSettings = {
				ALWAYS_SEARCH_USER_PATHS = NO;
				CLANG_CXX_LANGUAGE_STANDARD = "gnu++0x";
				CLANG_CXX_LIBRARY = "libc++";
				CLANG_ENABLE_MODULES = YES;
				CLANG_ENABLE_OBJC_ARC = YES;
				CLANG_WARN_BOOL_CONVERSION = YES;
				CLANG_WARN_CONSTANT_CONVERSION = YES;
				CLANG_WARN_DIRECT_OBJC_ISA_USAGE = YES_ERROR;
				CLANG_WARN_EMPTY_BODY = YES;
				CLANG_WARN_ENUM_CONVERSION = YES;
				CLANG_WARN_INT_CONVERSION = YES;
				CLANG_WARN_OBJC_ROOT_CLASS = YES_ERROR;
				CLANG_WARN_UNREACHABLE_CODE = YES;
				CLANG_WARN__DUPLICATE_METHOD_MATCH = YES;
				"CODE_SIGN_IDENTITY[sdk=iphoneos*]" = "iPhone Developer";
				COPY_PHASE_STRIP = NO;
				DEBUG_INFORMATION_FORMAT = "dwarf-with-dsym";
				ENABLE_NS_ASSERTIONS = NO;
				ENABLE_STRICT_OBJC_MSGSEND = YES;
				GCC_C_LANGUAGE_STANDARD = gnu99;
				GCC_NO_COMMON_BLOCKS = YES;
				GCC_WARN_64_TO_32_BIT_CONVERSION = YES;
				GCC_WARN_ABOUT_RETURN_TYPE = YES_ERROR;
				GCC_WARN_UNDECLARED_SELECTOR = YES;
				GCC_WARN_UNINITIALIZED_AUTOS = YES_AGGRESSIVE;
				GCC_WARN_UNUSED_FUNCTION = YES;
				GCC_WARN_UNUSED_VARIABLE = YES;
				IPHONEOS_DEPLOYMENT_TARGET = 9.1;
				MTL_ENABLE_DEBUG_INFO = NO;
				SDKROOT = iphoneos;
				TARGETED_DEVICE_FAMILY = "1,2";
				VALIDATE_PRODUCT = YES;
			};
			name = Release;
		};
		B714C5311C6633D6006AA5A7 /* Debug */ = {
			isa = XCBuildConfiguration;
			buildSettings = {
				ASSETCATALOG_COMPILER_APPICON_NAME = AppIcon;
				HEADER_SEARCH_PATHS = (
					"$(SDKROOT)/usr/include/libxml2",
					"$(SOURCE_ROOT)/GCDWebServer/**",
				);
				INFOPLIST_FILE = "iPhone Client/Info.plist";
				LD_RUNPATH_SEARCH_PATHS = "$(inherited) @executable_path/Frameworks";
				PRODUCT_BUNDLE_IDENTIFIER = "com.sarvai.iPhone-Client";
				PRODUCT_NAME = "$(TARGET_NAME)";
				SWIFT_OBJC_BRIDGING_HEADER = "iPhone-Client-Bridging-Header.h";
			};
			name = Debug;
		};
		B714C5321C6633D6006AA5A7 /* Release */ = {
			isa = XCBuildConfiguration;
			buildSettings = {
				ASSETCATALOG_COMPILER_APPICON_NAME = AppIcon;
				HEADER_SEARCH_PATHS = (
					"$(SDKROOT)/usr/include/libxml2",
					"$(SOURCE_ROOT)/GCDWebServer/**",
				);
				INFOPLIST_FILE = "iPhone Client/Info.plist";
				LD_RUNPATH_SEARCH_PATHS = "$(inherited) @executable_path/Frameworks";
				PRODUCT_BUNDLE_IDENTIFIER = "com.sarvai.iPhone-Client";
				PRODUCT_NAME = "$(TARGET_NAME)";
				SWIFT_OBJC_BRIDGING_HEADER = "iPhone-Client-Bridging-Header.h";
			};
			name = Release;
		};
		B714C5341C6633D6006AA5A7 /* Debug */ = {
			isa = XCBuildConfiguration;
			buildSettings = {
				BUNDLE_LOADER = "$(TEST_HOST)";
				INFOPLIST_FILE = "iPhone ClientTests/Info.plist";
				LD_RUNPATH_SEARCH_PATHS = "$(inherited) @executable_path/Frameworks @loader_path/Frameworks";
				PRODUCT_BUNDLE_IDENTIFIER = "com.sarvai.iPhone-ClientTests";
				PRODUCT_NAME = "$(TARGET_NAME)";
				TEST_HOST = "$(BUILT_PRODUCTS_DIR)/iPhone Client.app/iPhone Client";
			};
			name = Debug;
		};
		B714C5351C6633D6006AA5A7 /* Release */ = {
			isa = XCBuildConfiguration;
			buildSettings = {
				BUNDLE_LOADER = "$(TEST_HOST)";
				INFOPLIST_FILE = "iPhone ClientTests/Info.plist";
				LD_RUNPATH_SEARCH_PATHS = "$(inherited) @executable_path/Frameworks @loader_path/Frameworks";
				PRODUCT_BUNDLE_IDENTIFIER = "com.sarvai.iPhone-ClientTests";
				PRODUCT_NAME = "$(TARGET_NAME)";
				TEST_HOST = "$(BUILT_PRODUCTS_DIR)/iPhone Client.app/iPhone Client";
			};
			name = Release;
		};
		B714C5371C6633D6006AA5A7 /* Debug */ = {
			isa = XCBuildConfiguration;
			buildSettings = {
				INFOPLIST_FILE = "iPhone ClientUITests/Info.plist";
				LD_RUNPATH_SEARCH_PATHS = "$(inherited) @executable_path/Frameworks @loader_path/Frameworks";
				PRODUCT_BUNDLE_IDENTIFIER = "com.sarvai.iPhone-ClientUITests";
				PRODUCT_NAME = "$(TARGET_NAME)";
				TEST_TARGET_NAME = "iPhone Client";
				USES_XCTRUNNER = YES;
			};
			name = Debug;
		};
		B714C5381C6633D6006AA5A7 /* Release */ = {
			isa = XCBuildConfiguration;
			buildSettings = {
				INFOPLIST_FILE = "iPhone ClientUITests/Info.plist";
				LD_RUNPATH_SEARCH_PATHS = "$(inherited) @executable_path/Frameworks @loader_path/Frameworks";
				PRODUCT_BUNDLE_IDENTIFIER = "com.sarvai.iPhone-ClientUITests";
				PRODUCT_NAME = "$(TARGET_NAME)";
				TEST_TARGET_NAME = "iPhone Client";
				USES_XCTRUNNER = YES;
			};
			name = Release;
		};
/* End XCBuildConfiguration section */

/* Begin XCConfigurationList section */
		B714C5031C6633D5006AA5A7 /* Build configuration list for PBXProject "iPhone Client" */ = {
			isa = XCConfigurationList;
			buildConfigurations = (
				B714C52E1C6633D6006AA5A7 /* Debug */,
				B714C52F1C6633D6006AA5A7 /* Release */,
			);
			defaultConfigurationIsVisible = 0;
			defaultConfigurationName = Release;
		};
		B714C5301C6633D6006AA5A7 /* Build configuration list for PBXNativeTarget "iPhone Client" */ = {
			isa = XCConfigurationList;
			buildConfigurations = (
				B714C5311C6633D6006AA5A7 /* Debug */,
				B714C5321C6633D6006AA5A7 /* Release */,
			);
			defaultConfigurationIsVisible = 0;
		};
		B714C5331C6633D6006AA5A7 /* Build configuration list for PBXNativeTarget "iPhone ClientTests" */ = {
			isa = XCConfigurationList;
			buildConfigurations = (
				B714C5341C6633D6006AA5A7 /* Debug */,
				B714C5351C6633D6006AA5A7 /* Release */,
			);
			defaultConfigurationIsVisible = 0;
		};
		B714C5361C6633D6006AA5A7 /* Build configuration list for PBXNativeTarget "iPhone ClientUITests" */ = {
			isa = XCConfigurationList;
			buildConfigurations = (
				B714C5371C6633D6006AA5A7 /* Debug */,
				B714C5381C6633D6006AA5A7 /* Release */,
			);
			defaultConfigurationIsVisible = 0;
		};
/* End XCConfigurationList section */
	};
	rootObject = B714C5001C6633D5006AA5A7 /* Project object */;
}
